{
  "object": {
    "pins": [
      {
        "package": "SWXMLHash",
        "repositoryURL": "https://github.com/drmohundro/SWXMLHash.git",
        "state": {
          "branch": null,
          "revision": "17d992beb3aaeda403fd35f8d5e70ab1a8124f35",
          "version": "4.6.0"
        }
      }
    ]
  },
  "version": 1
}
